schema: '2.0'
stages:
  data_ingestion:
    cmd: python src/data/data_ingestion.py
    deps:
    - path: src/data/data_ingestion.py
      hash: md5
      md5: 27e11418d474395b12b5f4eeb3a94e39
      size: 1899
    outs:
    - path: data/raw
      hash: md5
      md5: cdde042b6e55f3205ee53b2ad052bfe4.dir
      size: 151102405
      nfiles: 1
  data_preprocessing:
    cmd: python src/data/data_preprocessing.py
    deps:
    - path: data/raw
      hash: md5
      md5: cdde042b6e55f3205ee53b2ad052bfe4.dir
      size: 151102405
      nfiles: 1
    - path: src/data/data_preprocessing.py
      hash: md5
      md5: 185664d0faa0e54cdd6b0d0fcff7bded
      size: 3702
    params:
      params.yaml:
        data_preprocessing.test_size: 0.22
    outs:
    - path: data/interim
      hash: md5
      md5: 8abb913d67c79e81da1bc21db55a7899.dir
      size: 516637
      nfiles: 2
  feature_engineering:
    cmd: python src/features/feature_engineering.py
    deps:
    - path: data/interim
      hash: md5
      md5: 8abb913d67c79e81da1bc21db55a7899.dir
      size: 516637
      nfiles: 2
    - path: src/features/feature_engineering.py
      hash: md5
      md5: e72b76933a27803bb5ebf98a0709caba
      size: 4528
    outs:
    - path: data/processed
      hash: md5
      md5: 406e1e25756037257f0797935da23be8.dir
      size: 585847
      nfiles: 2
  model_building:
    cmd: python src/model/model_building.py
    deps:
    - path: data/processed
      hash: md5
      md5: 406e1e25756037257f0797935da23be8.dir
      size: 585847
      nfiles: 2
    - path: src/model/model_building.py
      hash: md5
      md5: bd8965a098064a45cc4de42d1a80ec33
      size: 3874
    params:
      params.yaml:
        model.params.max_depth: 10
        model.params.n_estimators: 100
        model.params.random_state: 42
    outs:
    - path: models/random_forest_model.pkl
      hash: md5
      md5: de11cdb4b8adb916efd7a4c3d1db6377
      size: 544044
  model_evaluation:
    cmd: python src/model/model_evaluation.py
    deps:
    - path: models/random_forest_model.pkl
      hash: md5
      md5: de11cdb4b8adb916efd7a4c3d1db6377
      size: 544044
    - path: src/model/model_evaluation.py
      hash: md5
      md5: 1776fabaca724a6cef590cd5c7e60c9f
      size: 5138
    outs:
    - path: reports/experiment_info.json
      hash: md5
      md5: 251cfb12922b51e7c0b3fa533ae18740
      size: 106
    - path: reports/metrics.json
      hash: md5
      md5: 3eb282e3cb39bc8e6dc0d82951e79cd4
      size: 99
  model_registration:
    cmd: python src/model/register_model.py
    deps:
    - path: reports/experiment_info.json
      hash: md5
      md5: 251cfb12922b51e7c0b3fa533ae18740
      size: 106
    - path: src/model/register_model.py
      hash: md5
      md5: 20631c4fee47ddc9e8220489f919dc91
      size: 2301
