schema: '2.0'
stages:
  data_ingestion:
    cmd: python src/data/data_ingestion.py
    deps:
    - path: src/data/data_ingestion.py
      hash: md5
      md5: 3de3bf66933b018b21fc0e694e431957
      size: 1421
    outs:
    - path: data/raw
      hash: md5
      md5: cdde042b6e55f3205ee53b2ad052bfe4.dir
      size: 151102405
      nfiles: 1
  data_preprocessing:
    cmd: python src/data/data_preprocessing.py
    deps:
    - path: data/raw
      hash: md5
      md5: cdde042b6e55f3205ee53b2ad052bfe4.dir
      size: 151102405
      nfiles: 1
    - path: src/data/data_preprocessing.py
      hash: md5
      md5: 185664d0faa0e54cdd6b0d0fcff7bded
      size: 3702
    params:
      params.yaml:
        data_preprocessing.test_size: 0.2
    outs:
    - path: data/interim
      hash: md5
      md5: 5994dadc1552596f1f4db5656c3df074.dir
      size: 516637
      nfiles: 2
  feature_engineering:
    cmd: python src/features/feature_engineering.py
    deps:
    - path: data/interim
      hash: md5
      md5: 5994dadc1552596f1f4db5656c3df074.dir
      size: 516637
      nfiles: 2
    - path: src/features/feature_engineering.py
      hash: md5
      md5: e72b76933a27803bb5ebf98a0709caba
      size: 4528
    outs:
    - path: data/processed
      hash: md5
      md5: a64d0f685221f366dacf3ad869784418.dir
      size: 585761
      nfiles: 2
  model_building:
    cmd: python src/model/model_building.py
    deps:
    - path: data/processed
      hash: md5
      md5: a64d0f685221f366dacf3ad869784418.dir
      size: 585761
      nfiles: 2
    - path: src/model/model_building.py
      hash: md5
      md5: 8d716085972e827c25f51077ead73ba6
      size: 3194
    params:
      params.yaml:
        model.params.max_depth: 10
        model.params.n_estimators: 100
        model.params.random_state: 42
    outs:
    - path: models/random_forest_model.pkl
      hash: md5
      md5: 119bc324fdaabbf25672496ad04512e4
      size: 561324
  model_evaluation:
    cmd: python src/model/model_evaluation.py
    deps:
    - path: models/random_forest_model.pkl
      hash: md5
      md5: 119bc324fdaabbf25672496ad04512e4
      size: 561324
    - path: src/model/model_evaluation.py
      hash: md5
      md5: 1776fabaca724a6cef590cd5c7e60c9f
      size: 5138
    outs:
    - path: reports/experiment_info.json
      hash: md5
      md5: 304e670923ce09485067e9bf220271cd
      size: 106
    - path: reports/metrics.json
      hash: md5
      md5: 933f8070d8d2d57ffc406d95eb9f0132
      size: 113
  model_registration:
    cmd: python src/model/register_model.py
    deps:
    - path: reports/experiment_info.json
      hash: md5
      md5: 304e670923ce09485067e9bf220271cd
      size: 106
    - path: src/model/register_model.py
      hash: md5
      md5: 20631c4fee47ddc9e8220489f919dc91
      size: 2301
